
Microsoft Visual Studio Solution File, Format Version 12.00
# Visual Studio Version 17
VisualStudioVersion = 17.3.32825.248
MinimumVisualStudioVersion = 10.0.40219.1
Project("{FAE04EC0-301F-11D3-BF4B-00C04F79EFBC}") = "LowLevelDesign", "LowLevelDesign\LowLevelDesign.csproj", "{2053A4EC-52EF-4EAB-952E-67134A7FC9FC}"
EndProject
Global
	GlobalSection(SolutionConfigurationPlatforms) = preSolution
		Debug|Any CPU = Debug|Any CPU
		Release|Any CPU = Release|Any CPU
	EndGlobalSection
	GlobalSection(ProjectConfigurationPlatforms) = postSolution
		{2053A4EC-52EF-4EAB-952E-67134A7FC9FC}.Debug|Any CPU.ActiveCfg = Debug|Any CPU
		{2053A4EC-52EF-4EAB-952E-67134A7FC9FC}.Debug|Any CPU.Build.0 = Debug|Any CPU
		{2053A4EC-52EF-4EAB-952E-67134A7FC9FC}.Release|Any CPU.ActiveCfg = Release|Any CPU
		{2053A4EC-52EF-4EAB-952E-67134A7FC9FC}.Release|Any CPU.Build.0 = Release|Any CPU
	EndGlobalSection
	GlobalSection(SolutionProperties) = preSolution
		HideSolutionNode = FALSE
	EndGlobalSection
	GlobalSection(ExtensibilityGlobals) = postSolution
		SolutionGuid = {B9A95606-03DE-449F-B826-1C06BD04B3A3}
	EndGlobalSection
EndGlobal
